
Microsoft Visual Studio Solution File, Format Version 12.00
# Visual Studio Version 17
VisualStudioVersion = 17.0.31903.59
MinimumVisualStudioVersion = 10.0.40219.1
Project("{FAE04EC0-301F-11D3-BF4B-00C04F79EFBC}") = "HowManyOfThisType", "HowManyOfThisType\HowManyOfThisType.csproj", "{3361248B-BED6-4200-99F0-653556E672E5}"
EndProject
Project("{FAE04EC0-301F-11D3-BF4B-00C04F79EFBC}") = "BeforeUtils", "BeforeUtils\BeforeUtils.csproj", "{0034F1B1-759A-442C-A96C-362DA6E5B6C0}"
EndProject
Project("{FAE04EC0-301F-11D3-BF4B-00C04F79EFBC}") = "MyGenericClass", "MyGenericClass\MyGenericClass.csproj", "{1922D91E-7B8A-41B3-A601-50AE88316574}"
EndProject
Project("{FAE04EC0-301F-11D3-BF4B-00C04F79EFBC}") = "MyEnumerable", "MyEnumerable\MyEnumerable.csproj", "{0F45E930-6F84-442D-91B7-F70DD2A3DB9F}"
EndProject
Project("{FAE04EC0-301F-11D3-BF4B-00C04F79EFBC}") = "JustLikeACollection", "JustLikeACollection\JustLikeACollection.csproj", "{07797A1C-CDB6-491C-B879-545DECAB26BC}"
EndProject
Global
	GlobalSection(SolutionConfigurationPlatforms) = preSolution
		Debug|Any CPU = Debug|Any CPU
		Release|Any CPU = Release|Any CPU
	EndGlobalSection
	GlobalSection(SolutionProperties) = preSolution
		HideSolutionNode = FALSE
	EndGlobalSection
	GlobalSection(ProjectConfigurationPlatforms) = postSolution
		{3361248B-BED6-4200-99F0-653556E672E5}.Debug|Any CPU.ActiveCfg = Debug|Any CPU
		{3361248B-BED6-4200-99F0-653556E672E5}.Debug|Any CPU.Build.0 = Debug|Any CPU
		{3361248B-BED6-4200-99F0-653556E672E5}.Release|Any CPU.ActiveCfg = Release|Any CPU
		{3361248B-BED6-4200-99F0-653556E672E5}.Release|Any CPU.Build.0 = Release|Any CPU
		{0034F1B1-759A-442C-A96C-362DA6E5B6C0}.Debug|Any CPU.ActiveCfg = Debug|Any CPU
		{0034F1B1-759A-442C-A96C-362DA6E5B6C0}.Debug|Any CPU.Build.0 = Debug|Any CPU
		{0034F1B1-759A-442C-A96C-362DA6E5B6C0}.Release|Any CPU.ActiveCfg = Release|Any CPU
		{0034F1B1-759A-442C-A96C-362DA6E5B6C0}.Release|Any CPU.Build.0 = Release|Any CPU
		{1922D91E-7B8A-41B3-A601-50AE88316574}.Debug|Any CPU.ActiveCfg = Debug|Any CPU
		{1922D91E-7B8A-41B3-A601-50AE88316574}.Debug|Any CPU.Build.0 = Debug|Any CPU
		{1922D91E-7B8A-41B3-A601-50AE88316574}.Release|Any CPU.ActiveCfg = Release|Any CPU
		{1922D91E-7B8A-41B3-A601-50AE88316574}.Release|Any CPU.Build.0 = Release|Any CPU
		{0F45E930-6F84-442D-91B7-F70DD2A3DB9F}.Debug|Any CPU.ActiveCfg = Debug|Any CPU
		{0F45E930-6F84-442D-91B7-F70DD2A3DB9F}.Debug|Any CPU.Build.0 = Debug|Any CPU
		{0F45E930-6F84-442D-91B7-F70DD2A3DB9F}.Release|Any CPU.ActiveCfg = Release|Any CPU
		{0F45E930-6F84-442D-91B7-F70DD2A3DB9F}.Release|Any CPU.Build.0 = Release|Any CPU
		{07797A1C-CDB6-491C-B879-545DECAB26BC}.Debug|Any CPU.ActiveCfg = Debug|Any CPU
		{07797A1C-CDB6-491C-B879-545DECAB26BC}.Debug|Any CPU.Build.0 = Debug|Any CPU
		{07797A1C-CDB6-491C-B879-545DECAB26BC}.Release|Any CPU.ActiveCfg = Release|Any CPU
		{07797A1C-CDB6-491C-B879-545DECAB26BC}.Release|Any CPU.Build.0 = Release|Any CPU
	EndGlobalSection
EndGlobal
