
Microsoft Visual Studio Solution File, Format Version 12.00
# Visual Studio Version 17
VisualStudioVersion = 17.0.31903.59
MinimumVisualStudioVersion = 10.0.40219.1
Project("{FAE04EC0-301F-11D3-BF4B-00C04F79EFBC}") = "PlayerManagerMVC", "PlayerManagerMVC\PlayerManagerMVC.csproj", "{016A927C-AB00-4672-9908-8BB86BBCA354}"
EndProject
Project("{FAE04EC0-301F-11D3-BF4B-00C04F79EFBC}") = "PlayerManager4", "PlayerManager4\PlayerManager4.csproj", "{9C9ADE20-B700-4AAA-ADA3-190B12273DBB}"
EndProject
Global
	GlobalSection(SolutionConfigurationPlatforms) = preSolution
		Debug|Any CPU = Debug|Any CPU
		Debug|x64 = Debug|x64
		Debug|x86 = Debug|x86
		Release|Any CPU = Release|Any CPU
		Release|x64 = Release|x64
		Release|x86 = Release|x86
	EndGlobalSection
	GlobalSection(ProjectConfigurationPlatforms) = postSolution
		{016A927C-AB00-4672-9908-8BB86BBCA354}.Debug|Any CPU.ActiveCfg = Debug|Any CPU
		{016A927C-AB00-4672-9908-8BB86BBCA354}.Debug|Any CPU.Build.0 = Debug|Any CPU
		{016A927C-AB00-4672-9908-8BB86BBCA354}.Debug|x64.ActiveCfg = Debug|Any CPU
		{016A927C-AB00-4672-9908-8BB86BBCA354}.Debug|x64.Build.0 = Debug|Any CPU
		{016A927C-AB00-4672-9908-8BB86BBCA354}.Debug|x86.ActiveCfg = Debug|Any CPU
		{016A927C-AB00-4672-9908-8BB86BBCA354}.Debug|x86.Build.0 = Debug|Any CPU
		{016A927C-AB00-4672-9908-8BB86BBCA354}.Release|Any CPU.ActiveCfg = Release|Any CPU
		{016A927C-AB00-4672-9908-8BB86BBCA354}.Release|Any CPU.Build.0 = Release|Any CPU
		{016A927C-AB00-4672-9908-8BB86BBCA354}.Release|x64.ActiveCfg = Release|Any CPU
		{016A927C-AB00-4672-9908-8BB86BBCA354}.Release|x64.Build.0 = Release|Any CPU
		{016A927C-AB00-4672-9908-8BB86BBCA354}.Release|x86.ActiveCfg = Release|Any CPU
		{016A927C-AB00-4672-9908-8BB86BBCA354}.Release|x86.Build.0 = Release|Any CPU
		{9C9ADE20-B700-4AAA-ADA3-190B12273DBB}.Debug|Any CPU.ActiveCfg = Debug|Any CPU
		{9C9ADE20-B700-4AAA-ADA3-190B12273DBB}.Debug|Any CPU.Build.0 = Debug|Any CPU
		{9C9ADE20-B700-4AAA-ADA3-190B12273DBB}.Debug|x64.ActiveCfg = Debug|Any CPU
		{9C9ADE20-B700-4AAA-ADA3-190B12273DBB}.Debug|x64.Build.0 = Debug|Any CPU
		{9C9ADE20-B700-4AAA-ADA3-190B12273DBB}.Debug|x86.ActiveCfg = Debug|Any CPU
		{9C9ADE20-B700-4AAA-ADA3-190B12273DBB}.Debug|x86.Build.0 = Debug|Any CPU
		{9C9ADE20-B700-4AAA-ADA3-190B12273DBB}.Release|Any CPU.ActiveCfg = Release|Any CPU
		{9C9ADE20-B700-4AAA-ADA3-190B12273DBB}.Release|Any CPU.Build.0 = Release|Any CPU
		{9C9ADE20-B700-4AAA-ADA3-190B12273DBB}.Release|x64.ActiveCfg = Release|Any CPU
		{9C9ADE20-B700-4AAA-ADA3-190B12273DBB}.Release|x64.Build.0 = Release|Any CPU
		{9C9ADE20-B700-4AAA-ADA3-190B12273DBB}.Release|x86.ActiveCfg = Release|Any CPU
		{9C9ADE20-B700-4AAA-ADA3-190B12273DBB}.Release|x86.Build.0 = Release|Any CPU
	EndGlobalSection
	GlobalSection(SolutionProperties) = preSolution
		HideSolutionNode = FALSE
	EndGlobalSection
EndGlobal
